
Microsoft Visual Studio Solution File, Format Version 11.00
# Visual Studio 2010
Project("{FAE04EC0-301F-11D3-BF4B-00C04F79EFBC}") = "Assembly-CSharp", "Assembly-CSharp.csproj", "{FAED98A2-939C-3108-815F-8EFAE3C9B717}"
EndProject
Global
	GlobalSection(SolutionConfigurationPlatforms) = preSolution
		Debug|Any CPU = Debug|Any CPU
		Release|Any CPU = Release|Any CPU
	EndGlobalSection
	GlobalSection(ProjectConfigurationPlatforms) = postSolution
		{FAED98A2-939C-3108-815F-8EFAE3C9B717}.Debug|Any CPU.ActiveCfg = Debug|Any CPU
		{FAED98A2-939C-3108-815F-8EFAE3C9B717}.Debug|Any CPU.Build.0 = Debug|Any CPU
		{FAED98A2-939C-3108-815F-8EFAE3C9B717}.Release|Any CPU.ActiveCfg = Release|Any CPU
		{FAED98A2-939C-3108-815F-8EFAE3C9B717}.Release|Any CPU.Build.0 = Release|Any CPU
	EndGlobalSection
	GlobalSection(SolutionProperties) = preSolution
		HideSolutionNode = FALSE
	EndGlobalSection
	GlobalSection(MonoDevelopProperties) = preSolution
		StartupItem = Assembly-CSharp.csproj
	EndGlobalSection
EndGlobal
